{
  "name": "@threadplane/cockpit-ag-ui-interrupts-angular",
  "version": "0.0.1",
  "lockfileVersion": 3,
  "requires": true,
  "packages": {
    "": {
      "name": "@threadplane/cockpit-ag-ui-interrupts-angular",
      "version": "0.0.1",
      "license": "MIT",
      "dependencies": {
        "@upstash/ratelimit": "^2.0.5",
        "@upstash/redis": "^1.34.3",
        "@vercel/edge": "^1.2.1"
      },
      "peerDependencies": {
        "@threadplane/ag-ui": "*",
        "@threadplane/chat": "*"
      }
    },
    "node_modules/@ag-ui/client": {
      "version": "0.0.55",
      "resolved": "https://registry.npmjs.org/@ag-ui/client/-/client-0.0.55.tgz",
      "integrity": "sha512-cyTY0S1UK3ynFCtLh6XPkxECQiYL6XvFcAei5FD4yYzln5agSCZ3cAmdD86mwE4UbS5teS3Nci8Q5tEAjrRRgA==",
      "peer": true,
      "dependencies": {
        "@ag-ui/core": "0.0.55",
        "@ag-ui/encoder": "0.0.55",
        "@ag-ui/proto": "0.0.55",
        "@types/uuid": "^10.0.0",
        "compare-versions": "^6.1.1",
        "fast-json-patch": "^3.1.1",
        "rxjs": "7.8.1",
        "untruncate-json": "^0.0.1",
        "uuid": "^11.1.0",
        "zod": "^3.22.4"
      }
    },
    "node_modules/@ag-ui/client/node_modules/rxjs": {
      "version": "7.8.1",
      "resolved": "https://registry.npmjs.org/rxjs/-/rxjs-7.8.1.tgz",
      "integrity": "sha512-AA3TVj+0A2iuIoQkWEK/tqFjBq2j+6PO6Y0zJcvzLAFhEFIO3HL0vls9hWLncZbAAbK0mar7oZ4V079I/qPMxg==",
      "license": "Apache-2.0",
      "peer": true,
      "dependencies": {
        "tslib": "^2.1.0"
      }
    },
    "node_modules/@ag-ui/core": {
      "version": "0.0.55",
      "resolved": "https://registry.npmjs.org/@ag-ui/core/-/core-0.0.55.tgz",
      "integrity": "sha512-Pj7Ke0NsCxbCFgI3xK5YE56LaMRxnXnyeDUgDFTYxeF6KZDcSf5E0x2gB6/37w6bE0hcn/LRNPFd8Es18eIEzA==",
      "peer": true,
      "dependencies": {
        "zod": "^3.22.4"
      }
    },
    "node_modules/@ag-ui/encoder": {
      "version": "0.0.55",
      "resolved": "https://registry.npmjs.org/@ag-ui/encoder/-/encoder-0.0.55.tgz",
      "integrity": "sha512-co4RB8kCatQ/+sBOR+nmNMzuKKWynHD73U/MTn9yG8rdznG51KuAPlQAwTP03VChFgO5GfNqEAzcGf5dR6jyMg==",
      "peer": true,
      "dependencies": {
        "@ag-ui/core": "0.0.55",
        "@ag-ui/proto": "0.0.55"
      }
    },
    "node_modules/@ag-ui/proto": {
      "version": "0.0.55",
      "resolved": "https://registry.npmjs.org/@ag-ui/proto/-/proto-0.0.55.tgz",
      "integrity": "sha512-DNavmWA/dL3u4mpB+g/NPzF7XrYLjVFgmS8CnSOsenrmO64XVoR5RrbQghzaKvP9VNkhvdFI9tllpItfE3Pryw==",
      "peer": true,
      "dependencies": {
        "@ag-ui/core": "0.0.55",
        "@bufbuild/protobuf": "^2.2.5",
        "@protobuf-ts/protoc": "^2.11.1"
      }
    },
    "node_modules/@angular/common": {
      "version": "21.2.16",
      "resolved": "https://registry.npmjs.org/@angular/common/-/common-21.2.16.tgz",
      "integrity": "sha512-htHNepKzjIjkc5BQ7MKDN0bVDOfQpFr/fGUxa6irC0kFLfWt7idUTdNcxypRvjCCTuBYHkjr74fH4QKu+qvPXg==",
      "license": "MIT",
      "peer": true,
      "dependencies": {
        "tslib": "^2.3.0"
      },
      "engines": {
        "node": "^20.19.0 || ^22.12.0 || >=24.0.0"
      },
      "peerDependencies": {
        "@angular/core": "21.2.16",
        "rxjs": "^6.5.3 || ^7.4.0"
      }
    },
    "node_modules/@angular/core": {
      "version": "21.2.16",
      "resolved": "https://registry.npmjs.org/@angular/core/-/core-21.2.16.tgz",
      "integrity": "sha512-uufKORlB0jeYdqOvjAfMYgqIqmJentOj8XvTUxsFP5k85xxzXsDarSpP199YQz6jhJJQYNOWIloDkUTQJi5rNA==",
      "license": "MIT",
      "peer": true,
      "dependencies": {
        "tslib": "^2.3.0"
      },
      "engines": {
        "node": "^20.19.0 || ^22.12.0 || >=24.0.0"
      },
      "peerDependencies": {
        "@angular/compiler": "21.2.16",
        "rxjs": "^6.5.3 || ^7.4.0",
        "zone.js": "~0.15.0 || ~0.16.0"
      },
      "peerDependenciesMeta": {
        "@angular/compiler": {
          "optional": true
        },
        "zone.js": {
          "optional": true
        }
      }
    },
    "node_modules/@angular/forms": {
      "version": "21.2.16",
      "resolved": "https://registry.npmjs.org/@angular/forms/-/forms-21.2.16.tgz",
      "integrity": "sha512-2djTJmTpg/MkQ2kdCI9k0LT4RL9/Hg03fDUNN2eN5c04FIk99D3yHXUJYLwiaErLuLQNkU8HaijluKHdH93cWQ==",
      "license": "MIT",
      "peer": true,
      "dependencies": {
        "@standard-schema/spec": "^1.0.0",
        "tslib": "^2.3.0"
      },
      "engines": {
        "node": "^20.19.0 || ^22.12.0 || >=24.0.0"
      },
      "peerDependencies": {
        "@angular/common": "21.2.16",
        "@angular/core": "21.2.16",
        "@angular/platform-browser": "21.2.16",
        "rxjs": "^6.5.3 || ^7.4.0"
      }
    },
    "node_modules/@angular/platform-browser": {
      "version": "21.2.16",
      "resolved": "https://registry.npmjs.org/@angular/platform-browser/-/platform-browser-21.2.16.tgz",
      "integrity": "sha512-59ToWYDb+O3fS0+Y4ubQqV0zY6sf2esLZ19AT7JKXN7Akqbz7aQ2/3k3PKmfhwKWek5o3lkuNz8YhxKQruNh8Q==",
      "license": "MIT",
      "peer": true,
      "dependencies": {
        "tslib": "^2.3.0"
      },
      "engines": {
        "node": "^20.19.0 || ^22.12.0 || >=24.0.0"
      },
      "peerDependencies": {
        "@angular/animations": "21.2.16",
        "@angular/common": "21.2.16",
        "@angular/core": "21.2.16"
      },
      "peerDependenciesMeta": {
        "@angular/animations": {
          "optional": true
        }
      }
    },
    "node_modules/@bufbuild/protobuf": {
      "version": "2.12.0",
      "resolved": "https://registry.npmjs.org/@bufbuild/protobuf/-/protobuf-2.12.0.tgz",
      "integrity": "sha512-B/XlCaFIP8LOwzo+bz5uFzATYokcwCKQcghqnlfwSmM5eX/qTkvDBnDPs+gXtX/RyjxJ4DRikECcPJbyALA8FA==",
      "license": "(Apache-2.0 AND BSD-3-Clause)",
      "peer": true
    },
    "node_modules/@cacheplane/partial-json": {
      "version": "0.2.1",
      "resolved": "https://registry.npmjs.org/@cacheplane/partial-json/-/partial-json-0.2.1.tgz",
      "integrity": "sha512-v8xd0RV1mAIhFMYz/M7SeMG/xgA3LTEkxUX2vusV4W8TGRIttJHR8fTOzTaquom2Da9DEyiUlbOYjES7h3tfwA==",
      "license": "MIT",
      "peer": true,
      "engines": {
        "node": ">=20"
      }
    },
    "node_modules/@cacheplane/partial-markdown": {
      "version": "0.3.2",
      "resolved": "https://registry.npmjs.org/@cacheplane/partial-markdown/-/partial-markdown-0.3.2.tgz",
      "integrity": "sha512-4Ud7CY+YkCh5xSEhi8u4hYkf4b1/1xH7rIHWCQqHUeb+tkyC8X+U65ZGelsu9v4pnoiGA8b58lg7p24Kzrz68w==",
      "license": "MIT",
      "peer": true,
      "engines": {
        "node": ">=20"
      }
    },
    "node_modules/@cfworker/json-schema": {
      "version": "4.1.1",
      "resolved": "https://registry.npmjs.org/@cfworker/json-schema/-/json-schema-4.1.1.tgz",
      "integrity": "sha512-gAmrUZSGtKc3AiBL71iNWxDsyUC5uMaKKGdvzYsBoTW/xi42JQHl7eKV2OYzCUqvc+D2RCcf7EXY2iCyFIk6og==",
      "license": "MIT",
      "peer": true
    },
    "node_modules/@json-render/core": {
      "version": "0.16.0",
      "resolved": "https://registry.npmjs.org/@json-render/core/-/core-0.16.0.tgz",
      "integrity": "sha512-qQp8BB/3pWYapTGXBDSBMXRCdrC05VJPLL3drXMPX/QbUB3nuvtyXUGmAZFUz8eLUy7JImODvb3GNIq38dGzhQ==",
      "license": "Apache-2.0",
      "peer": true,
      "dependencies": {
        "zod": "^4.3.6"
      },
      "peerDependencies": {
        "zod": "^4.0.0"
      }
    },
    "node_modules/@json-render/core/node_modules/zod": {
      "version": "4.4.3",
      "resolved": "https://registry.npmjs.org/zod/-/zod-4.4.3.tgz",
      "integrity": "sha512-ytENFjIJFl2UwYglde2jchW2Hwm4GJFLDiSXWdTrJQBIN9Fcyp7n4DhxJEiWNAJMV1/BqWfW/kkg71UDcHJyTQ==",
      "license": "MIT",
      "peer": true,
      "funding": {
        "url": "https://github.com/sponsors/colinhacks"
      }
    },
    "node_modules/@langchain/core": {
      "version": "1.1.48",
      "resolved": "https://registry.npmjs.org/@langchain/core/-/core-1.1.48.tgz",
      "integrity": "sha512-fQU6Guyb1pwc2fEplmA8FPbKfOMAofjnyJzExevro0FxEiuGHE18Ov/ZHmT9trWCDTZRI9eW1VIc6aChxV8pAQ==",
      "license": "MIT",
      "peer": true,
      "dependencies": {
        "@cfworker/json-schema": "^4.0.2",
        "@standard-schema/spec": "^1.1.0",
        "js-tiktoken": "^1.0.12",
        "langsmith": ">=0.5.0 <1.0.0",
        "mustache": "^4.2.0",
        "p-queue": "^6.6.2",
        "zod": "^3.25.76 || ^4"
      },
      "engines": {
        "node": ">=20"
      }
    },
    "node_modules/@noble/ed25519": {
      "version": "2.3.0",
      "resolved": "https://registry.npmjs.org/@noble/ed25519/-/ed25519-2.3.0.tgz",
      "integrity": "sha512-M7dvXL2B92/M7dw9+gzuydL8qn/jiqNHaoR3Q+cb1q1GHV7uwE17WCyFMG+Y+TZb5izcaXk5TdJRrDUxHXL78A==",
      "license": "MIT",
      "peer": true,
      "funding": {
        "url": "https://paulmillr.com/funding/"
      }
    },
    "node_modules/@protobuf-ts/protoc": {
      "version": "2.11.1",
      "resolved": "https://registry.npmjs.org/@protobuf-ts/protoc/-/protoc-2.11.1.tgz",
      "integrity": "sha512-mUZJaV0daGO6HUX90o/atzQ6A7bbN2RSuHtdwo8SSF2Qoe3zHwa4IHyCN1evftTeHfLmdz+45qo47sL+5P8nyg==",
      "license": "Apache-2.0",
      "peer": true,
      "bin": {
        "protoc": "protoc.js"
      }
    },
    "node_modules/@standard-schema/spec": {
      "version": "1.1.0",
      "resolved": "https://registry.npmjs.org/@standard-schema/spec/-/spec-1.1.0.tgz",
      "integrity": "sha512-l2aFy5jALhniG5HgqrD6jXLi/rUWrKvqN/qJx6yoJsgKhblVd+iqqU4RCXavm/jPityDo5TCvKMnpjKnOriy0w==",
      "license": "MIT",
      "peer": true
    },
    "node_modules/@threadplane/a2ui": {
      "version": "0.0.47",
      "resolved": "https://registry.npmjs.org/@threadplane/a2ui/-/a2ui-0.0.47.tgz",
      "integrity": "sha512-PyV+GiduGZNZaoIbFKceD48kBJhaLRVpphJU/STlKCIJp8oApBuK9aVkuNTS8jJkDrB2VPPWelBp6fShJuCI0w==",
      "hasInstallScript": true,
      "license": "MIT",
      "peer": true,
      "dependencies": {
        "@threadplane/telemetry": "*"
      }
    },
    "node_modules/@threadplane/ag-ui": {
      "version": "0.0.47",
      "resolved": "https://registry.npmjs.org/@threadplane/ag-ui/-/ag-ui-0.0.47.tgz",
      "integrity": "sha512-9j0kSbMEBZK/xd+nC1KH/jLPzI0dgd9edmw+I0ynXmy7R1lAl1KFl+jQ/SnkdImPb9+loQx5EYHlUExiM49DPQ==",
      "hasInstallScript": true,
      "license": "MIT",
      "peer": true,
      "dependencies": {
        "@threadplane/telemetry": "*",
        "tslib": "^2.3.0"
      },
      "peerDependencies": {
        "@ag-ui/client": "*",
        "@angular/core": "^20.0.0 || ^21.0.0",
        "@threadplane/chat": "*",
        "rxjs": "~7.8.0"
      }
    },
    "node_modules/@threadplane/chat": {
      "version": "0.0.47",
      "resolved": "https://registry.npmjs.org/@threadplane/chat/-/chat-0.0.47.tgz",
      "integrity": "sha512-R+9zeiZRsz8seBm/KKTWC8s/ebQJBO2wzlRQQEPgNfhDhpV3MroMU8U9FJUBWTgeZIW6T2rFKT4hS/CUncYxcA==",
      "hasInstallScript": true,
      "license": "PolyForm-Noncommercial-1.0.0 OR LicenseRef-Threadplane-Commercial",
      "peer": true,
      "dependencies": {
        "@cacheplane/partial-json": ">=0.1.1 <0.3.0",
        "@cacheplane/partial-markdown": "^0.3.0",
        "@threadplane/telemetry": "*",
        "tslib": "^2.3.0"
      },
      "peerDependencies": {
        "@angular/common": "^20.0.0 || ^21.0.0",
        "@angular/core": "^20.0.0 || ^21.0.0",
        "@angular/forms": "^20.0.0 || ^21.0.0",
        "@angular/platform-browser": "^20.0.0 || ^21.0.0",
        "@json-render/core": "^0.16.0",
        "@langchain/core": "^1.1.33",
        "@threadplane/a2ui": "*",
        "@threadplane/licensing": "*",
        "@threadplane/render": "*",
        "marked": "^15.0.0 || ^16.0.0",
        "rxjs": "~7.8.0"
      }
    },
    "node_modules/@threadplane/licensing": {
      "version": "0.0.47",
      "resolved": "https://registry.npmjs.org/@threadplane/licensing/-/licensing-0.0.47.tgz",
      "integrity": "sha512-FdBho1fFbBMIYfsd7wbCW6hd1Bb/M+Rst3HLxSmrfTTC4pIik+EtAxljju+d6LM8nIbTssdUxYGD45zCg7+wDQ==",
      "hasInstallScript": true,
      "license": "MIT",
      "peer": true,
      "dependencies": {
        "@threadplane/telemetry": "*"
      },
      "peerDependencies": {
        "@noble/ed25519": "^2.2.3"
      }
    },
    "node_modules/@threadplane/render": {
      "version": "0.0.47",
      "resolved": "https://registry.npmjs.org/@threadplane/render/-/render-0.0.47.tgz",
      "integrity": "sha512-aJtt6uxyAVIylAnLqgKX0Hz8ZDvg7C/EQW6ZDoOr9UdCmzkh3QZGtn9+dNp0QWDN3izp1ZTe2h/yd3jHfEMSmQ==",
      "hasInstallScript": true,
      "license": "MIT",
      "peer": true,
      "dependencies": {
        "@threadplane/telemetry": "*",
        "tslib": "^2.3.0"
      },
      "peerDependencies": {
        "@angular/common": "^20.0.0 || ^21.0.0",
        "@angular/core": "^20.0.0 || ^21.0.0",
        "@json-render/core": "^0.16.0"
      }
    },
    "node_modules/@threadplane/telemetry": {
      "version": "0.0.47",
      "resolved": "https://registry.npmjs.org/@threadplane/telemetry/-/telemetry-0.0.47.tgz",
      "integrity": "sha512-KPFfDdZE9JAr/vx7jj3bB4cYtQptFh8Gmj4S21lgKR4bZ3Z+fEd/qoR2PsmhULfxQpVjFUiEWRCxaiq5WwAYsg==",
      "hasInstallScript": true,
      "license": "MIT",
      "peer": true,
      "bin": {
        "threadplane-telemetry-postinstall": "node/postinstall.js"
      },
      "peerDependencies": {
        "@angular/core": "^20.0.0 || ^21.0.0",
        "posthog-js": "^1.372.0"
      },
      "peerDependenciesMeta": {
        "@angular/core": {
          "optional": true
        },
        "posthog-js": {
          "optional": true
        }
      }
    },
    "node_modules/@types/uuid": {
      "version": "10.0.0",
      "resolved": "https://registry.npmjs.org/@types/uuid/-/uuid-10.0.0.tgz",
      "integrity": "sha512-7gqG38EyHgyP1S+7+xomFtL+ZNHcKv6DwNaCZmJmo1vgMugyF3TCnXVg4t1uk89mLNwnLtnY3TpOpCOyp1/xHQ==",
      "license": "MIT",
      "peer": true
    },
    "node_modules/@upstash/core-analytics": {
      "version": "0.0.10",
      "resolved": "https://registry.npmjs.org/@upstash/core-analytics/-/core-analytics-0.0.10.tgz",
      "integrity": "sha512-7qJHGxpQgQr9/vmeS1PktEwvNAF7TI4iJDi8Pu2CFZ9YUGHZH4fOP5TfYlZ4aVxfopnELiE4BS4FBjyK7V1/xQ==",
      "license": "MIT",
      "dependencies": {
        "@upstash/redis": "^1.28.3"
      },
      "engines": {
        "node": ">=16.0.0"
      }
    },
    "node_modules/@upstash/ratelimit": {
      "version": "2.0.8",
      "resolved": "https://registry.npmjs.org/@upstash/ratelimit/-/ratelimit-2.0.8.tgz",
      "integrity": "sha512-YSTMBJ1YIxsoPkUMX/P4DDks/xV5YYCswWMamU8ZIfK9ly6ppjRnVOyBhMDXBmzjODm4UQKcxsJPvaeFAijp5w==",
      "license": "MIT",
      "dependencies": {
        "@upstash/core-analytics": "^0.0.10"
      },
      "peerDependencies": {
        "@upstash/redis": "^1.34.3"
      }
    },
    "node_modules/@upstash/redis": {
      "version": "1.38.0",
      "resolved": "https://registry.npmjs.org/@upstash/redis/-/redis-1.38.0.tgz",
      "integrity": "sha512-wu+dZBptlLy0+MCUEoHmzrY/TnmgDey3+c7EbIGwrLqAvkP8yi5MWZHYGIFtAygmL4Bkz2TdFu+eU0vFPncIcg==",
      "license": "MIT",
      "dependencies": {
        "uncrypto": "^0.1.3"
      }
    },
    "node_modules/@vercel/edge": {
      "version": "1.3.1",
      "resolved": "https://registry.npmjs.org/@vercel/edge/-/edge-1.3.1.tgz",
      "integrity": "sha512-k0tKWeYEWOv6qU6+Z8+hv2Nt/u3vFHRZdB0uvwE0DxoddU/5kWX/Chu8F6ojvqmRlnZwuX/7kyZFVeCP6DxqBg==",
      "license": "Apache-2.0"
    },
    "node_modules/base64-js": {
      "version": "1.5.1",
      "resolved": "https://registry.npmjs.org/base64-js/-/base64-js-1.5.1.tgz",
      "integrity": "sha512-AKpaYlHn8t4SVbOHCy+b5+KKgvR4vrsD8vbvrbiQJps7fKDTkjkDry6ji0rUJjC0kzbNePLwzxq8iypo41qeWA==",
      "funding": [
        {
          "type": "github",
          "url": "https://github.com/sponsors/feross"
        },
        {
          "type": "patreon",
          "url": "https://www.patreon.com/feross"
        },
        {
          "type": "consulting",
          "url": "https://feross.org/support"
        }
      ],
      "license": "MIT",
      "peer": true
    },
    "node_modules/compare-versions": {
      "version": "6.1.1",
      "resolved": "https://registry.npmjs.org/compare-versions/-/compare-versions-6.1.1.tgz",
      "integrity": "sha512-4hm4VPpIecmlg59CHXnRDnqGplJFrbLG4aFEl5vl6cK1u76ws3LLvX7ikFnTDl5vo39sjWD6AaDPYodJp/NNHg==",
      "license": "MIT",
      "peer": true
    },
    "node_modules/eventemitter3": {
      "version": "4.0.7",
      "resolved": "https://registry.npmjs.org/eventemitter3/-/eventemitter3-4.0.7.tgz",
      "integrity": "sha512-8guHBZCwKnFhYdHr2ysuRWErTwhoN2X8XELRlrRwpmfeY2jjuUN4taQMsULKUVo1K4DvZl+0pgfyoysHxvmvEw==",
      "license": "MIT",
      "peer": true
    },
    "node_modules/fast-json-patch": {
      "version": "3.1.1",
      "resolved": "https://registry.npmjs.org/fast-json-patch/-/fast-json-patch-3.1.1.tgz",
      "integrity": "sha512-vf6IHUX2SBcA+5/+4883dsIjpBTqmfBjmYiWK1savxQmFk4JfBMLa7ynTYOs1Rolp/T1betJxHiGD3g1Mn8lUQ==",
      "license": "MIT",
      "peer": true
    },
    "node_modules/js-tiktoken": {
      "version": "1.0.21",
      "resolved": "https://registry.npmjs.org/js-tiktoken/-/js-tiktoken-1.0.21.tgz",
      "integrity": "sha512-biOj/6M5qdgx5TKjDnFT1ymSpM5tbd3ylwDtrQvFQSu0Z7bBYko2dF+W/aUkXUPuk6IVpRxk/3Q2sHOzGlS36g==",
      "license": "MIT",
      "peer": true,
      "dependencies": {
        "base64-js": "^1.5.1"
      }
    },
    "node_modules/langsmith": {
      "version": "0.7.5",
      "resolved": "https://registry.npmjs.org/langsmith/-/langsmith-0.7.5.tgz",
      "integrity": "sha512-OeD6+yKtWwy6sAboq25kD5DICzYv7j2KgtV2n4LsJ8nU2LpEdt1UwbjA6BON/zTggmS/YjV2TtLTHd7VEJhtEA==",
      "license": "MIT",
      "peer": true,
      "dependencies": {
        "p-queue": "6.6.2"
      },
      "peerDependencies": {
        "@opentelemetry/api": "*",
        "@opentelemetry/exporter-trace-otlp-proto": "*",
        "@opentelemetry/sdk-trace-base": "*",
        "openai": "*",
        "ws": ">=7"
      },
      "peerDependenciesMeta": {
        "@opentelemetry/api": {
          "optional": true
        },
        "@opentelemetry/exporter-trace-otlp-proto": {
          "optional": true
        },
        "@opentelemetry/sdk-trace-base": {
          "optional": true
        },
        "openai": {
          "optional": true
        },
        "ws": {
          "optional": true
        }
      }
    },
    "node_modules/marked": {
      "version": "16.4.2",
      "resolved": "https://registry.npmjs.org/marked/-/marked-16.4.2.tgz",
      "integrity": "sha512-TI3V8YYWvkVf3KJe1dRkpnjs68JUPyEa5vjKrp1XEEJUAOaQc+Qj+L1qWbPd0SJuAdQkFU0h73sXXqwDYxsiDA==",
      "license": "MIT",
      "peer": true,
      "bin": {
        "marked": "bin/marked.js"
      },
      "engines": {
        "node": ">= 20"
      }
    },
    "node_modules/mustache": {
      "version": "4.2.0",
      "resolved": "https://registry.npmjs.org/mustache/-/mustache-4.2.0.tgz",
      "integrity": "sha512-71ippSywq5Yb7/tVYyGbkBggbU8H3u5Rz56fH60jGFgr8uHwxs+aSKeqmluIVzM0m0kB7xQjKS6qPfd0b2ZoqQ==",
      "license": "MIT",
      "peer": true,
      "bin": {
        "mustache": "bin/mustache"
      }
    },
    "node_modules/p-finally": {
      "version": "1.0.0",
      "resolved": "https://registry.npmjs.org/p-finally/-/p-finally-1.0.0.tgz",
      "integrity": "sha512-LICb2p9CB7FS+0eR1oqWnHhp0FljGLZCWBE9aix0Uye9W8LTQPwMTYVGWQWIw9RdQiDg4+epXQODwIYJtSJaow==",
      "license": "MIT",
      "peer": true,
      "engines": {
        "node": ">=4"
      }
    },
    "node_modules/p-queue": {
      "version": "6.6.2",
      "resolved": "https://registry.npmjs.org/p-queue/-/p-queue-6.6.2.tgz",
      "integrity": "sha512-RwFpb72c/BhQLEXIZ5K2e+AhgNVmIejGlTgiB9MzZ0e93GRvqZ7uSi0dvRF7/XIXDeNkra2fNHBxTyPDGySpjQ==",
      "license": "MIT",
      "peer": true,
      "dependencies": {
        "eventemitter3": "^4.0.4",
        "p-timeout": "^3.2.0"
      },
      "engines": {
        "node": ">=8"
      },
      "funding": {
        "url": "https://github.com/sponsors/sindresorhus"
      }
    },
    "node_modules/p-timeout": {
      "version": "3.2.0",
      "resolved": "https://registry.npmjs.org/p-timeout/-/p-timeout-3.2.0.tgz",
      "integrity": "sha512-rhIwUycgwwKcP9yTOOFK/AKsAopjjCakVqLHePO3CC6Mir1Z99xT+R63jZxAT5lFZLa2inS5h+ZS2GvR99/FBg==",
      "license": "MIT",
      "peer": true,
      "dependencies": {
        "p-finally": "^1.0.0"
      },
      "engines": {
        "node": ">=8"
      }
    },
    "node_modules/rxjs": {
      "version": "7.8.2",
      "resolved": "https://registry.npmjs.org/rxjs/-/rxjs-7.8.2.tgz",
      "integrity": "sha512-dhKf903U/PQZY6boNNtAGdWbG85WAbjT/1xYoZIC7FAY0yWapOBQVsVrDl58W86//e1VpMNBtRV4MaXfdMySFA==",
      "license": "Apache-2.0",
      "peer": true,
      "dependencies": {
        "tslib": "^2.1.0"
      }
    },
    "node_modules/tslib": {
      "version": "2.8.1",
      "resolved": "https://registry.npmjs.org/tslib/-/tslib-2.8.1.tgz",
      "integrity": "sha512-oJFu94HQb+KVduSUQL7wnpmqnfmLsOA/nAh6b6EH0wCEoK0/mPeXU6c3wKDV83MkOuHPRHtSXKKU99IBazS/2w==",
      "license": "0BSD",
      "peer": true
    },
    "node_modules/uncrypto": {
      "version": "0.1.3",
      "resolved": "https://registry.npmjs.org/uncrypto/-/uncrypto-0.1.3.tgz",
      "integrity": "sha512-Ql87qFHB3s/De2ClA9e0gsnS6zXG27SkTiSJwjCc9MebbfapQfuPzumMIUMi38ezPZVNFcHI9sUIepeQfw8J8Q==",
      "license": "MIT"
    },
    "node_modules/untruncate-json": {
      "version": "0.0.1",
      "resolved": "https://registry.npmjs.org/untruncate-json/-/untruncate-json-0.0.1.tgz",
      "integrity": "sha512-4W9enDK4X1y1s2S/Rz7ysw6kDuMS3VmRjMFg7GZrNO+98OSe+x5Lh7PKYoVjy3lW/1wmhs6HW0lusnQRHgMarA==",
      "license": "MIT",
      "peer": true
    },
    "node_modules/uuid": {
      "version": "11.1.1",
      "resolved": "https://registry.npmjs.org/uuid/-/uuid-11.1.1.tgz",
      "integrity": "sha512-vIYxrBCC/N/K+Js3qSN88go7kIfNPssr/hHCesKCQNAjmgvYS2oqr69kIufEG+O4+PfezOH4EbIeHCfFov8ZgQ==",
      "funding": [
        "https://github.com/sponsors/broofa",
        "https://github.com/sponsors/ctavan"
      ],
      "license": "MIT",
      "peer": true,
      "bin": {
        "uuid": "dist/esm/bin/uuid"
      }
    },
    "node_modules/zod": {
      "version": "3.25.76",
      "resolved": "https://registry.npmjs.org/zod/-/zod-3.25.76.tgz",
      "integrity": "sha512-gzUt/qt81nXsFGKIFcC3YnfEAx5NkunCfnDlvuBSSFS02bcXu4Lmea0AFIUwbLWxWPx3d9p8S5QoaujKcNQxcQ==",
      "license": "MIT",
      "peer": true,
      "funding": {
        "url": "https://github.com/sponsors/colinhacks"
      }
    }
  }
}
